
Microsoft Visual Studio Solution File, Format Version 12.00
Project("{FAE04EC0-301F-11D3-BF4B-00C04F79EFBC}") = "AciesOpg", "AciesOpg\AciesOpg.csproj", "{2740FA20-2D13-484E-B263-196EC63F48D6}"
EndProject
Global
	GlobalSection(SolutionConfigurationPlatforms) = preSolution
		Debug|Any CPU = Debug|Any CPU
		Release|Any CPU = Release|Any CPU
	EndGlobalSection
	GlobalSection(ProjectConfigurationPlatforms) = postSolution
		{2740FA20-2D13-484E-B263-196EC63F48D6}.Debug|Any CPU.ActiveCfg = Debug|Any CPU
		{2740FA20-2D13-484E-B263-196EC63F48D6}.Debug|Any CPU.Build.0 = Debug|Any CPU
		{2740FA20-2D13-484E-B263-196EC63F48D6}.Release|Any CPU.ActiveCfg = Release|Any CPU
		{2740FA20-2D13-484E-B263-196EC63F48D6}.Release|Any CPU.Build.0 = Release|Any CPU
	EndGlobalSection
EndGlobal
